{
  "version": 4,
  "terraform_version": "1.8.3",
  "serial": 1,
  "lineage": "933c7fc6-3b21-ad7f-c146-a88626df4f68",
  "outputs": {},
  "resources": [
    {
      "mode": "managed",
      "type": "github_repository",
      "name": "terraform",
      "provider": "provider[\"registry.terraform.io/integrations/github\"]",
      "instances": [
        {
          "schema_version": 0,
          "attributes": {
            "allow_auto_merge": false,
            "allow_merge_commit": true,
            "allow_rebase_merge": true,
            "allow_squash_merge": true,
            "allow_update_branch": false,
            "archive_on_destroy": null,
            "archived": false,
            "auto_init": null,
            "default_branch": "main",
            "delete_branch_on_merge": false,
            "description": "My awesome terraform codebase",
            "etag": "W/\"a3a51b5ef4008d4a7f735156df351a2252a9bf116779b67073bfc3b7a93c6304\"",
            "full_name": "hidden75/terraform",
            "git_clone_url": "git://github.com/hidden75/terraform.git",
            "gitignore_template": null,
            "has_downloads": false,
            "has_issues": false,
            "has_projects": false,
            "has_wiki": false,
            "homepage_url": "",
            "html_url": "https://github.com/hidden75/terraform",
            "http_clone_url": "https://github.com/hidden75/terraform.git",
            "id": "terraform",
            "ignore_vulnerability_alerts_during_read": null,
            "is_template": false,
            "license_template": null,
            "merge_commit_message": "PR_TITLE",
            "merge_commit_title": "MERGE_MESSAGE",
            "name": "terraform",
            "node_id": "R_kgDOMaB_pw",
            "pages": [],
            "private": false,
            "repo_id": 832602023,
            "security_and_analysis": [
              {
                "advanced_security": [
                  {
                    "status": ""
                  }
                ],
                "secret_scanning": [
                  {
                    "status": "enabled"
                  }
                ],
                "secret_scanning_push_protection": [
                  {
                    "status": "enabled"
                  }
                ]
              }
            ],
            "squash_merge_commit_message": "COMMIT_MESSAGES",
            "squash_merge_commit_title": "COMMIT_OR_PR_TITLE",
            "ssh_clone_url": "git@github.com:hidden75/terraform.git",
            "svn_url": "https://github.com/hidden75/terraform",
            "template": [],
            "topics": null,
            "visibility": "public",
            "vulnerability_alerts": false
          },
          "sensitive_attributes": [],
          "private": "bnVsbA=="
        }
      ]
    }
  ],
  "check_results": null
}
